# THIS IS AN AUTOGENERATED FILE. DO NOT EDIT THIS FILE DIRECTLY.
# yarn lockfile v1


"@svgdotjs/svg.js@^3.1.2":
  version "3.1.2"
  resolved "https://registry.yarnpkg.com/@svgdotjs/svg.js/-/svg.js-3.1.2.tgz#acd62ebc5a6ef5b3a70e4a3912ce643a150c56e7"
  integrity sha512-0ZCWTiuRjCXT2SUoVDiu+8DLuRQlkxZbO680Y2QkV7jNsULzJajrx6A3MxA/IBQg6UGV5csgPZ8w7U57hZSK+A==

date-fns@^2.29.3:
  version "2.29.3"
  resolved "https://registry.yarnpkg.com/date-fns/-/date-fns-2.29.3.tgz#27402d2fc67eb442b511b70bbdf98e6411cd68a8"
  integrity sha512-dDCnyH2WnnKusqvZZ6+jA1O51Ibt8ZMRNkDZdyAyK4YfbDwa/cEmuztzG5pk6hqlp9aSBPYcjOlktquahGwGeA==
